// !$*UTF8*$!
{
	archiveVersion = 1;
	classes = {
	};
	objectVersion = 60;
	objects = {

/* Begin PBXBuildFile section */
		97B0DED793B04932A8F64066 /* ShareableContent.swift in Sources */ = {isa = PBXBuildFile; fileRef = 1B9C1A8CC2764712B0EF566A /* ShareableContent.swift */; };
		C87A270F731B4A1AB5049AB4 /* ShareImageRenderer.swift in Sources */ = {isa = PBXBuildFile; fileRef = 98E4E2BA12924B698066B3C3 /* ShareImageRenderer.swift */; };
		BB896E9E8F1845D098DB28D3 /* ShareTemplateView.swift in Sources */ = {isa = PBXBuildFile; fileRef = 4FACC3762E7B4B6B810E146B /* ShareTemplateView.swift */; };
		D4CD9C09156C4B3AA6C68394 /* ShareSheetView.swift in Sources */ = {isa = PBXBuildFile; fileRef = CF22E5A38602468D83A48C35 /* ShareSheetView.swift */; };
		4F06A121A76A45A1AAB42C13 /* ReadingPlan.swift in Sources */ = {isa = PBXBuildFile; fileRef = AC5160A07B29470ABA269CD5 /* ReadingPlan.swift */; };
		4A335749420F46DD9A186DEC /* ReadingPlanService.swift in Sources */ = {isa = PBXBuildFile; fileRef = 0231C42B9B3D49C296EB3F45 /* ReadingPlanService.swift */; };
		1691751D660E40ADA1C8FB9A /* ReadingPlansListView.swift in Sources */ = {isa = PBXBuildFile; fileRef = 2A95904A397E41AAB8538F93 /* ReadingPlansListView.swift */; };
		59FB5658FDA24B5F890BB30F /* ReadingPlanDetailView.swift in Sources */ = {isa = PBXBuildFile; fileRef = 87C3A8CF9A924D4FBDAA8B04 /* ReadingPlanDetailView.swift */; };
		BA1000001 /* BibleAIApp.swift in Sources */ = {isa = PBXBuildFile; fileRef = BA2000001 /* BibleAIApp.swift */; };
		BA1000002 /* ContentView.swift in Sources */ = {isa = PBXBuildFile; fileRef = BA2000002 /* ContentView.swift */; };
		BA1000003 /* Assets.xcassets in Resources */ = {isa = PBXBuildFile; fileRef = BA2000003 /* Assets.xcassets */; };
		BA1000004 /* Message.swift in Sources */ = {isa = PBXBuildFile; fileRef = BA2000005 /* Message.swift */; };
		BA1000005 /* Conversation.swift in Sources */ = {isa = PBXBuildFile; fileRef = BA2000006 /* Conversation.swift */; };
		BA1000006 /* BibleVerse.swift in Sources */ = {isa = PBXBuildFile; fileRef = BA2000007 /* BibleVerse.swift */; };
		BA1000007 /* AIService.swift in Sources */ = {isa = PBXBuildFile; fileRef = BA2000008 /* AIService.swift */; };
		BA1000008 /* BibleService.swift in Sources */ = {isa = PBXBuildFile; fileRef = BA2000009 /* BibleService.swift */; };
		BA1000009 /* ConversationService.swift in Sources */ = {isa = PBXBuildFile; fileRef = BA2000010 /* ConversationService.swift */; };
		BA1000010 /* ChatViewModel.swift in Sources */ = {isa = PBXBuildFile; fileRef = BA2000011 /* ChatViewModel.swift */; };
		BA1000011 /* ChatView.swift in Sources */ = {isa = PBXBuildFile; fileRef = BA2000012 /* ChatView.swift */; };
		BA1000012 /* ConversationListView.swift in Sources */ = {isa = PBXBuildFile; fileRef = BA2000013 /* ConversationListView.swift */; };
		BA1000013 /* SettingsView.swift in Sources */ = {isa = PBXBuildFile; fileRef = BA2000014 /* SettingsView.swift */; };
		BA1000014 /* BibleBook.swift in Sources */ = {isa = PBXBuildFile; fileRef = BA2000015 /* BibleBook.swift */; };
		BA1000015 /* EnhancedBibleService.swift in Sources */ = {isa = PBXBuildFile; fileRef = BA2000016 /* EnhancedBibleService.swift */; };
		BA1000016 /* BibleBooksListView.swift in Sources */ = {isa = PBXBuildFile; fileRef = BA2000017 /* BibleBooksListView.swift */; };
		BA1000017 /* ChapterListView.swift in Sources */ = {isa = PBXBuildFile; fileRef = BA2000018 /* ChapterListView.swift */; };
		BA1000018 /* ChapterReadingView.swift in Sources */ = {isa = PBXBuildFile; fileRef = BA2000019 /* ChapterReadingView.swift */; };
		BA1000019 /* Config.swift in Sources */ = {isa = PBXBuildFile; fileRef = BA2000020 /* Config.swift */; };
		BA1000020 /* VerseParser.swift in Sources */ = {isa = PBXBuildFile; fileRef = BA2000021 /* VerseParser.swift */; };
		BA1000021 /* VerseOfTheDayService.swift in Sources */ = {isa = PBXBuildFile; fileRef = BA2000022 /* VerseOfTheDayService.swift */; };
		BA1000022 /* VerseSearchView.swift in Sources */ = {isa = PBXBuildFile; fileRef = BA2000023 /* VerseSearchView.swift */; };
		BA1000023 /* VerseReferenceText.swift in Sources */ = {isa = PBXBuildFile; fileRef = BA2000024 /* VerseReferenceText.swift */; };
		BA1000024 /* SimpleVerseText.swift in Sources */ = {isa = PBXBuildFile; fileRef = BA2000025 /* SimpleVerseText.swift */; };
		BA1000025 /* Highlight.swift in Sources */ = {isa = PBXBuildFile; fileRef = BA2000026 /* Highlight.swift */; };
		BA1000026 /* HighlightService.swift in Sources */ = {isa = PBXBuildFile; fileRef = BA2000027 /* HighlightService.swift */; };
		BA1000027 /* NoteEditorView.swift in Sources */ = {isa = PBXBuildFile; fileRef = BA2000028 /* NoteEditorView.swift */; };
		BA1000028 /* HighlightsListView.swift in Sources */ = {isa = PBXBuildFile; fileRef = BA2000029 /* HighlightsListView.swift */; };
/* End PBXBuildFile section */

/* Begin PBXFileReference section */
		1B9C1A8CC2764712B0EF566A /* ShareableContent.swift */ = {isa = PBXFileReference; lastKnownFileType = sourcecode.swift; path = ShareableContent.swift; sourceTree = "<group>"; };
		98E4E2BA12924B698066B3C3 /* ShareImageRenderer.swift */ = {isa = PBXFileReference; lastKnownFileType = sourcecode.swift; path = ShareImageRenderer.swift; sourceTree = "<group>"; };
		4FACC3762E7B4B6B810E146B /* ShareTemplateView.swift */ = {isa = PBXFileReference; lastKnownFileType = sourcecode.swift; path = ShareTemplateView.swift; sourceTree = "<group>"; };
		CF22E5A38602468D83A48C35 /* ShareSheetView.swift */ = {isa = PBXFileReference; lastKnownFileType = sourcecode.swift; path = ShareSheetView.swift; sourceTree = "<group>"; };
		AC5160A07B29470ABA269CD5 /* ReadingPlan.swift */ = {isa = PBXFileReference; lastKnownFileType = sourcecode.swift; path = ReadingPlan.swift; sourceTree = "<group>"; };
		0231C42B9B3D49C296EB3F45 /* ReadingPlanService.swift */ = {isa = PBXFileReference; lastKnownFileType = sourcecode.swift; path = ReadingPlanService.swift; sourceTree = "<group>"; };
		2A95904A397E41AAB8538F93 /* ReadingPlansListView.swift */ = {isa = PBXFileReference; lastKnownFileType = sourcecode.swift; path = ReadingPlansListView.swift; sourceTree = "<group>"; };
		87C3A8CF9A924D4FBDAA8B04 /* ReadingPlanDetailView.swift */ = {isa = PBXFileReference; lastKnownFileType = sourcecode.swift; path = ReadingPlanDetailView.swift; sourceTree = "<group>"; };
		BA3000001 /* BibleAI.app */ = {isa = PBXFileReference; explicitFileType = wrapper.application; includeInIndex = 0; path = BibleAI.app; sourceTree = BUILT_PRODUCTS_DIR; };
		BA2000001 /* BibleAIApp.swift */ = {isa = PBXFileReference; lastKnownFileType = sourcecode.swift; path = BibleAIApp.swift; sourceTree = "<group>"; };
		BA2000002 /* ContentView.swift */ = {isa = PBXFileReference; lastKnownFileType = sourcecode.swift; path = ContentView.swift; sourceTree = "<group>"; };
		BA2000003 /* Assets.xcassets */ = {isa = PBXFileReference; lastKnownFileType = folder.assetcatalog; path = Assets.xcassets; sourceTree = "<group>"; };
		BA2000004 /* Info.plist */ = {isa = PBXFileReference; lastKnownFileType = text.plist.xml; path = Info.plist; sourceTree = "<group>"; };
		BA2000005 /* Message.swift */ = {isa = PBXFileReference; lastKnownFileType = sourcecode.swift; path = Message.swift; sourceTree = "<group>"; };
		BA2000006 /* Conversation.swift */ = {isa = PBXFileReference; lastKnownFileType = sourcecode.swift; path = Conversation.swift; sourceTree = "<group>"; };
		BA2000007 /* BibleVerse.swift */ = {isa = PBXFileReference; lastKnownFileType = sourcecode.swift; path = BibleVerse.swift; sourceTree = "<group>"; };
		BA2000008 /* AIService.swift */ = {isa = PBXFileReference; lastKnownFileType = sourcecode.swift; path = AIService.swift; sourceTree = "<group>"; };
		BA2000009 /* BibleService.swift */ = {isa = PBXFileReference; lastKnownFileType = sourcecode.swift; path = BibleService.swift; sourceTree = "<group>"; };
		BA2000010 /* ConversationService.swift */ = {isa = PBXFileReference; lastKnownFileType = sourcecode.swift; path = ConversationService.swift; sourceTree = "<group>"; };
		BA2000011 /* ChatViewModel.swift */ = {isa = PBXFileReference; lastKnownFileType = sourcecode.swift; path = ChatViewModel.swift; sourceTree = "<group>"; };
		BA2000012 /* ChatView.swift */ = {isa = PBXFileReference; lastKnownFileType = sourcecode.swift; path = ChatView.swift; sourceTree = "<group>"; };
		BA2000013 /* ConversationListView.swift */ = {isa = PBXFileReference; lastKnownFileType = sourcecode.swift; path = ConversationListView.swift; sourceTree = "<group>"; };
		BA2000014 /* SettingsView.swift */ = {isa = PBXFileReference; lastKnownFileType = sourcecode.swift; path = SettingsView.swift; sourceTree = "<group>"; };
		BA2000015 /* BibleBook.swift */ = {isa = PBXFileReference; lastKnownFileType = sourcecode.swift; path = BibleBook.swift; sourceTree = "<group>"; };
		BA2000016 /* EnhancedBibleService.swift */ = {isa = PBXFileReference; lastKnownFileType = sourcecode.swift; path = EnhancedBibleService.swift; sourceTree = "<group>"; };
		BA2000017 /* BibleBooksListView.swift */ = {isa = PBXFileReference; lastKnownFileType = sourcecode.swift; path = BibleBooksListView.swift; sourceTree = "<group>"; };
		BA2000018 /* ChapterListView.swift */ = {isa = PBXFileReference; lastKnownFileType = sourcecode.swift; path = ChapterListView.swift; sourceTree = "<group>"; };
		BA2000019 /* ChapterReadingView.swift */ = {isa = PBXFileReference; lastKnownFileType = sourcecode.swift; path = ChapterReadingView.swift; sourceTree = "<group>"; };
		BA2000020 /* Config.swift */ = {isa = PBXFileReference; lastKnownFileType = sourcecode.swift; path = Config.swift; sourceTree = "<group>"; };
		BA2000021 /* VerseParser.swift */ = {isa = PBXFileReference; lastKnownFileType = sourcecode.swift; path = VerseParser.swift; sourceTree = "<group>"; };
		BA2000022 /* VerseOfTheDayService.swift */ = {isa = PBXFileReference; lastKnownFileType = sourcecode.swift; path = VerseOfTheDayService.swift; sourceTree = "<group>"; };
		BA2000023 /* VerseSearchView.swift */ = {isa = PBXFileReference; lastKnownFileType = sourcecode.swift; path = VerseSearchView.swift; sourceTree = "<group>"; };
		BA2000024 /* VerseReferenceText.swift */ = {isa = PBXFileReference; lastKnownFileType = sourcecode.swift; path = VerseReferenceText.swift; sourceTree = "<group>"; };
		BA2000025 /* SimpleVerseText.swift */ = {isa = PBXFileReference; lastKnownFileType = sourcecode.swift; path = SimpleVerseText.swift; sourceTree = "<group>"; };
		BA2000026 /* Highlight.swift */ = {isa = PBXFileReference; lastKnownFileType = sourcecode.swift; path = Highlight.swift; sourceTree = "<group>"; };
		BA2000027 /* HighlightService.swift */ = {isa = PBXFileReference; lastKnownFileType = sourcecode.swift; path = HighlightService.swift; sourceTree = "<group>"; };
		BA2000028 /* NoteEditorView.swift */ = {isa = PBXFileReference; lastKnownFileType = sourcecode.swift; path = NoteEditorView.swift; sourceTree = "<group>"; };
		BA2000029 /* HighlightsListView.swift */ = {isa = PBXFileReference; lastKnownFileType = sourcecode.swift; path = HighlightsListView.swift; sourceTree = "<group>"; };
/* End PBXFileReference section */

/* Begin PBXFrameworksBuildPhase section */
		BA4000001 /* Frameworks */ = {
			isa = PBXFrameworksBuildPhase;
			buildActionMask = 2147483647;
			files = (
			);
			runOnlyForDeploymentPostprocessing = 0;
		};
/* End PBXFrameworksBuildPhase section */

/* Begin PBXGroup section */
		BA5000001 = {
			isa = PBXGroup;
			children = (
				BA5000002 /* BibleAI */,
				BA5000003 /* Products */,
			);
			sourceTree = "<group>";
		};
		BA5000002 /* BibleAI */ = {
			isa = PBXGroup;
			children = (
				BA2000001 /* BibleAIApp.swift */,
				BA2000002 /* ContentView.swift */,
				BA2000020 /* Config.swift */,
				BA5000004 /* Models */,
				BA5000005 /* Views */,
				BA5000006 /* ViewModels */,
				BA5000007 /* Services */,
				BA5000008 /* Utilities */,
				BA2000003 /* Assets.xcassets */,
				BA2000004 /* Info.plist */,
			);
			path = BibleAI;
			sourceTree = "<group>";
		};
		BA5000003 /* Products */ = {
			isa = PBXGroup;
			children = (
				BA3000001 /* BibleAI.app */,
			);
			name = Products;
			sourceTree = "<group>";
		};
		BA5000004 /* Models */ = {
			isa = PBXGroup;
			children = (
				BA2000005 /* Message.swift */,
				BA2000006 /* Conversation.swift */,
				BA2000007 /* BibleVerse.swift */,
				BA2000015 /* BibleBook.swift */,
				BA2000026 /* Highlight.swift */,
				AC5160A07B29470ABA269CD5 /* ReadingPlan.swift */,
				1B9C1A8CC2764712B0EF566A /* ShareableContent.swift */,
			);
			path = Models;
			sourceTree = "<group>";
		};
		BA5000005 /* Views */ = {
			isa = PBXGroup;
			children = (
				BA2000012 /* ChatView.swift */,
				BA2000013 /* ConversationListView.swift */,
				BA2000014 /* SettingsView.swift */,
				BA2000017 /* BibleBooksListView.swift */,
				BA2000018 /* ChapterListView.swift */,
				BA2000019 /* ChapterReadingView.swift */,
				BA2000023 /* VerseSearchView.swift */,
				BA2000029 /* HighlightsListView.swift */,
				2A95904A397E41AAB8538F93 /* ReadingPlansListView.swift */,
				87C3A8CF9A924D4FBDAA8B04 /* ReadingPlanDetailView.swift */,
				BA5000009 /* Components */,
			);
			path = Views;
			sourceTree = "<group>";
		};
		BA5000006 /* ViewModels */ = {
			isa = PBXGroup;
			children = (
				BA2000011 /* ChatViewModel.swift */,
			);
			path = ViewModels;
			sourceTree = "<group>";
		};
		BA5000007 /* Services */ = {
			isa = PBXGroup;
			children = (
				BA2000008 /* AIService.swift */,
				BA2000009 /* BibleService.swift */,
				BA2000010 /* ConversationService.swift */,
				BA2000016 /* EnhancedBibleService.swift */,
				BA2000022 /* VerseOfTheDayService.swift */,
				BA2000027 /* HighlightService.swift */,
				0231C42B9B3D49C296EB3F45 /* ReadingPlanService.swift */,
			);
			path = Services;
			sourceTree = "<group>";
		};
		BA5000008 /* Utilities */ = {
			isa = PBXGroup;
			children = (
				BA2000021 /* VerseParser.swift */,
				98E4E2BA12924B698066B3C3 /* ShareImageRenderer.swift */,
			);
			path = Utilities;
			sourceTree = "<group>";
		};
		BA5000009 /* Components */ = {
			isa = PBXGroup;
			children = (
				BA2000024 /* VerseReferenceText.swift */,
				BA2000025 /* SimpleVerseText.swift */,
				BA2000028 /* NoteEditorView.swift */,
				4FACC3762E7B4B6B810E146B /* ShareTemplateView.swift */,
				CF22E5A38602468D83A48C35 /* ShareSheetView.swift */,
			);
			path = Components;
			sourceTree = "<group>";
		};
/* End PBXGroup section */

/* Begin PBXNativeTarget section */
		BA6000001 /* BibleAI */ = {
			isa = PBXNativeTarget;
			buildConfigurationList = BA7000001 /* Build configuration list for PBXNativeTarget "BibleAI" */;
			buildPhases = (
				BA8000001 /* Sources */,
				BA4000001 /* Frameworks */,
				BA9000001 /* Resources */,
			);
			buildRules = (
			);
			dependencies = (
			);
			name = BibleAI;
			productName = BibleAI;
			productReference = BA3000001 /* BibleAI.app */;
			productType = "com.apple.product-type.application";
		};
/* End PBXNativeTarget section */

/* Begin PBXProject section */
		BA0000001 /* Project object */ = {
			isa = PBXProject;
			attributes = {
				BuildIndependentTargetsInParallel = 1;
				LastSwiftUpdateCheck = 1510;
				LastUpgradeCheck = 1510;
				TargetAttributes = {
					BA6000001 = {
						CreatedOnToolsVersion = 15.0;
					};
				};
			};
			buildConfigurationList = BA7000002 /* Build configuration list for PBXProject "BibleAI" */;
			compatibilityVersion = "Xcode 15.0";
			developmentRegion = en;
			hasScannedForEncodings = 0;
			knownRegions = (
				en,
				Base,
			);
			mainGroup = BA5000001;
			productRefGroup = BA5000003 /* Products */;
			projectDirPath = "";
			projectRoot = "";
			targets = (
				BA6000001 /* BibleAI */,
			);
		};
/* End PBXProject section */

/* Begin PBXResourcesBuildPhase section */
		BA9000001 /* Resources */ = {
			isa = PBXResourcesBuildPhase;
			buildActionMask = 2147483647;
			files = (
				BA1000003 /* Assets.xcassets in Resources */,
			);
			runOnlyForDeploymentPostprocessing = 0;
		};
/* End PBXResourcesBuildPhase section */

/* Begin PBXSourcesBuildPhase section */
		BA8000001 /* Sources */ = {
			isa = PBXSourcesBuildPhase;
			buildActionMask = 2147483647;
			files = (
				BA1000002 /* ContentView.swift in Sources */,
				BA1000001 /* BibleAIApp.swift in Sources */,
				BA1000004 /* Message.swift in Sources */,
				BA1000005 /* Conversation.swift in Sources */,
				BA1000006 /* BibleVerse.swift in Sources */,
				BA1000007 /* AIService.swift in Sources */,
				BA1000008 /* BibleService.swift in Sources */,
				BA1000009 /* ConversationService.swift in Sources */,
				BA1000010 /* ChatViewModel.swift in Sources */,
				BA1000011 /* ChatView.swift in Sources */,
				BA1000012 /* ConversationListView.swift in Sources */,
				BA1000013 /* SettingsView.swift in Sources */,
				BA1000014 /* BibleBook.swift in Sources */,
				BA1000015 /* EnhancedBibleService.swift in Sources */,
				BA1000016 /* BibleBooksListView.swift in Sources */,
				BA1000017 /* ChapterListView.swift in Sources */,
				BA1000018 /* ChapterReadingView.swift in Sources */,
				BA1000019 /* Config.swift in Sources */,
				BA1000020 /* VerseParser.swift in Sources */,
				BA1000021 /* VerseOfTheDayService.swift in Sources */,
				BA1000022 /* VerseSearchView.swift in Sources */,
				BA1000023 /* VerseReferenceText.swift in Sources */,
				BA1000024 /* SimpleVerseText.swift in Sources */,
				BA1000025 /* Highlight.swift in Sources */,
				BA1000026 /* HighlightService.swift in Sources */,
				BA1000027 /* NoteEditorView.swift in Sources */,
				BA1000028 /* HighlightsListView.swift in Sources */,
				4F06A121A76A45A1AAB42C13 /* ReadingPlan.swift in Sources */,
				4A335749420F46DD9A186DEC /* ReadingPlanService.swift in Sources */,
				1691751D660E40ADA1C8FB9A /* ReadingPlansListView.swift in Sources */,
				59FB5658FDA24B5F890BB30F /* ReadingPlanDetailView.swift in Sources */,
				97B0DED793B04932A8F64066 /* ShareableContent.swift in Sources */,
				C87A270F731B4A1AB5049AB4 /* ShareImageRenderer.swift in Sources */,
				BB896E9E8F1845D098DB28D3 /* ShareTemplateView.swift in Sources */,
				D4CD9C09156C4B3AA6C68394 /* ShareSheetView.swift in Sources */,
			);
			runOnlyForDeploymentPostprocessing = 0;
		};
/* End PBXSourcesBuildPhase section */

/* Begin XCBuildConfiguration section */
		BA7000003 /* Debug */ = {
			isa = XCBuildConfiguration;
			buildSettings = {
				ALWAYS_SEARCH_USER_PATHS = NO;
				ASSETCATALOG_COMPILER_GENERATE_SWIFT_ASSET_SYMBOL_EXTENSIONS = YES;
				CLANG_ANALYZER_NONNULL = YES;
				CLANG_ANALYZER_NUMBER_OBJECT_CONVERSION = YES_AGGRESSIVE;
				CLANG_CXX_LANGUAGE_STANDARD = "gnu++20";
				CLANG_ENABLE_MODULES = YES;
				CLANG_ENABLE_OBJC_ARC = YES;
				CLANG_ENABLE_OBJC_WEAK = YES;
				CLANG_WARN_BLOCK_CAPTURE_AUTORELEASING = YES;
				CLANG_WARN_BOOL_CONVERSION = YES;
				CLANG_WARN_COMMA = YES;
				CLANG_WARN_CONSTANT_CONVERSION = YES;
				CLANG_WARN_DEPRECATED_OBJC_IMPLEMENTATIONS = YES;
				CLANG_WARN_DIRECT_OBJC_ISA_USAGE = YES_ERROR;
				CLANG_WARN_DOCUMENTATION_COMMENTS = YES;
				CLANG_WARN_EMPTY_BODY = YES;
				CLANG_WARN_ENUM_CONVERSION = YES;
				CLANG_WARN_INFINITE_RECURSION = YES;
				CLANG_WARN_INT_CONVERSION = YES;
				CLANG_WARN_NON_LITERAL_NULL_CONVERSION = YES;
				CLANG_WARN_OBJC_IMPLICIT_RETAIN_SELF = YES;
				CLANG_WARN_OBJC_LITERAL_CONVERSION = YES;
				CLANG_WARN_OBJC_ROOT_CLASS = YES_ERROR;
				CLANG_WARN_QUOTED_INCLUDE_IN_FRAMEWORK_HEADER = YES;
				CLANG_WARN_RANGE_LOOP_ANALYSIS = YES;
				CLANG_WARN_STRICT_PROTOTYPES = YES;
				CLANG_WARN_SUSPICIOUS_MOVE = YES;
				CLANG_WARN_UNGUARDED_AVAILABILITY = YES_AGGRESSIVE;
				CLANG_WARN_UNREACHABLE_CODE = YES;
				CLANG_WARN__DUPLICATE_METHOD_MATCH = YES;
				COPY_PHASE_STRIP = NO;
				DEBUG_INFORMATION_FORMAT = dwarf;
				ENABLE_STRICT_OBJC_MSGSEND = YES;
				ENABLE_TESTABILITY = YES;
				ENABLE_USER_SCRIPT_SANDBOXING = YES;
				GCC_C_LANGUAGE_STANDARD = gnu17;
				GCC_DYNAMIC_NO_PIC = NO;
				GCC_NO_COMMON_BLOCKS = YES;
				GCC_OPTIMIZATION_LEVEL = 0;
				GCC_PREPROCESSOR_DEFINITIONS = (
					"DEBUG=1",
					"$(inherited)",
				);
				GCC_WARN_64_TO_32_BIT_CONVERSION = YES;
				GCC_WARN_ABOUT_RETURN_TYPE = YES_ERROR;
				GCC_WARN_UNDECLARED_SELECTOR = YES;
				GCC_WARN_UNINITIALIZED_AUTOS = YES_AGGRESSIVE;
				GCC_WARN_UNUSED_FUNCTION = YES;
				GCC_WARN_UNUSED_VARIABLE = YES;
				IPHONEOS_DEPLOYMENT_TARGET = 17.0;
				LOCALIZATION_PREFERS_STRING_CATALOGS = YES;
				MTL_ENABLE_DEBUG_INFO = INCLUDE_SOURCE;
				MTL_FAST_MATH = YES;
				ONLY_ACTIVE_ARCH = YES;
				SDKROOT = iphoneos;
				SWIFT_ACTIVE_COMPILATION_CONDITIONS = "DEBUG $(inherited)";
				SWIFT_OPTIMIZATION_LEVEL = "-Onone";
			};
			name = Debug;
		};
		BA7000004 /* Release */ = {
			isa = XCBuildConfiguration;
			buildSettings = {
				ALWAYS_SEARCH_USER_PATHS = NO;
				ASSETCATALOG_COMPILER_GENERATE_SWIFT_ASSET_SYMBOL_EXTENSIONS = YES;
				CLANG_ANALYZER_NONNULL = YES;
				CLANG_ANALYZER_NUMBER_OBJECT_CONVERSION = YES_AGGRESSIVE;
				CLANG_CXX_LANGUAGE_STANDARD = "gnu++20";
				CLANG_ENABLE_MODULES = YES;
				CLANG_ENABLE_OBJC_ARC = YES;
				CLANG_ENABLE_OBJC_WEAK = YES;
				CLANG_WARN_BLOCK_CAPTURE_AUTORELEASING = YES;
				CLANG_WARN_BOOL_CONVERSION = YES;
				CLANG_WARN_COMMA = YES;
				CLANG_WARN_CONSTANT_CONVERSION = YES;
				CLANG_WARN_DEPRECATED_OBJC_IMPLEMENTATIONS = YES;
				CLANG_WARN_DIRECT_OBJC_ISA_USAGE = YES_ERROR;
				CLANG_WARN_DOCUMENTATION_COMMENTS = YES;
				CLANG_WARN_EMPTY_BODY = YES;
				CLANG_WARN_ENUM_CONVERSION = YES;
				CLANG_WARN_INFINITE_RECURSION = YES;
				CLANG_WARN_INT_CONVERSION = YES;
				CLANG_WARN_NON_LITERAL_NULL_CONVERSION = YES;
				CLANG_WARN_OBJC_IMPLICIT_RETAIN_SELF = YES;
				CLANG_WARN_OBJC_LITERAL_CONVERSION = YES;
				CLANG_WARN_OBJC_ROOT_CLASS = YES_ERROR;
				CLANG_WARN_QUOTED_INCLUDE_IN_FRAMEWORK_HEADER = YES;
				CLANG_WARN_RANGE_LOOP_ANALYSIS = YES;
				CLANG_WARN_STRICT_PROTOTYPES = YES;
				CLANG_WARN_SUSPICIOUS_MOVE = YES;
				CLANG_WARN_UNGUARDED_AVAILABILITY = YES_AGGRESSIVE;
				CLANG_WARN_UNREACHABLE_CODE = YES;
				CLANG_WARN__DUPLICATE_METHOD_MATCH = YES;
				COPY_PHASE_STRIP = NO;
				DEBUG_INFORMATION_FORMAT = "dwarf-with-dsym";
				ENABLE_NS_ASSERTIONS = NO;
				ENABLE_STRICT_OBJC_MSGSEND = YES;
				ENABLE_USER_SCRIPT_SANDBOXING = YES;
				GCC_C_LANGUAGE_STANDARD = gnu17;
				GCC_NO_COMMON_BLOCKS = YES;
				GCC_WARN_64_TO_32_BIT_CONVERSION = YES;
				GCC_WARN_ABOUT_RETURN_TYPE = YES_ERROR;
				GCC_WARN_UNDECLARED_SELECTOR = YES;
				GCC_WARN_UNINITIALIZED_AUTOS = YES_AGGRESSIVE;
				GCC_WARN_UNUSED_FUNCTION = YES;
				GCC_WARN_UNUSED_VARIABLE = YES;
				IPHONEOS_DEPLOYMENT_TARGET = 17.0;
				LOCALIZATION_PREFERS_STRING_CATALOGS = YES;
				MTL_ENABLE_DEBUG_INFO = NO;
				MTL_FAST_MATH = YES;
				SDKROOT = iphoneos;
				SWIFT_COMPILATION_MODE = wholemodule;
				VALIDATE_PRODUCT = YES;
			};
			name = Release;
		};
		BA7000005 /* Debug */ = {
			isa = XCBuildConfiguration;
			buildSettings = {
				ASSETCATALOG_COMPILER_APPICON_NAME = AppIcon;
				ASSETCATALOG_COMPILER_GLOBAL_ACCENT_COLOR_NAME = AccentColor;
				CODE_SIGN_STYLE = Automatic;
				CURRENT_PROJECT_VERSION = 1;
				DEAD_CODE_STRIPPING = YES;
				DEVELOPMENT_ASSET_PATHS = "";
				DEVELOPMENT_TEAM = JM24HK4C8Q;
				ENABLE_PREVIEWS = YES;
				GENERATE_INFOPLIST_FILE = NO;
				INFOPLIST_FILE = BibleAI/Info.plist;
				INFOPLIST_KEY_UIApplicationSceneManifest_Generation = YES;
				INFOPLIST_KEY_UIApplicationSupportsIndirectInputEvents = YES;
				INFOPLIST_KEY_UILaunchScreen_Generation = YES;
				INFOPLIST_KEY_UISupportedInterfaceOrientations = "UIInterfaceOrientationPortrait UIInterfaceOrientationLandscapeLeft UIInterfaceOrientationLandscapeRight";
				INFOPLIST_KEY_UISupportedInterfaceOrientations_iPad = "UIInterfaceOrientationPortrait UIInterfaceOrientationPortraitUpsideDown UIInterfaceOrientationLandscapeLeft UIInterfaceOrientationLandscapeRight";
				LD_RUNPATH_SEARCH_PATHS = (
					"$(inherited)",
					"@executable_path/Frameworks",
				);
				MARKETING_VERSION = 1.0;
				PRODUCT_BUNDLE_IDENTIFIER = com.shawncarpenter.bibleai;
				PRODUCT_NAME = "$(TARGET_NAME)";
				SWIFT_EMIT_LOC_STRINGS = YES;
				SWIFT_VERSION = 5.0;
				TARGETED_DEVICE_FAMILY = "1,2";
			};
			name = Debug;
		};
		BA7000006 /* Release */ = {
			isa = XCBuildConfiguration;
			buildSettings = {
				ASSETCATALOG_COMPILER_APPICON_NAME = AppIcon;
				ASSETCATALOG_COMPILER_GLOBAL_ACCENT_COLOR_NAME = AccentColor;
				CODE_SIGN_STYLE = Automatic;
				CURRENT_PROJECT_VERSION = 1;
				DEAD_CODE_STRIPPING = YES;
				DEVELOPMENT_ASSET_PATHS = "";
				DEVELOPMENT_TEAM = JM24HK4C8Q;
				ENABLE_PREVIEWS = YES;
				GENERATE_INFOPLIST_FILE = NO;
				INFOPLIST_FILE = BibleAI/Info.plist;
				INFOPLIST_KEY_UIApplicationSceneManifest_Generation = YES;
				INFOPLIST_KEY_UIApplicationSupportsIndirectInputEvents = YES;
				INFOPLIST_KEY_UILaunchScreen_Generation = YES;
				INFOPLIST_KEY_UISupportedInterfaceOrientations = "UIInterfaceOrientationPortrait UIInterfaceOrientationLandscapeLeft UIInterfaceOrientationLandscapeRight";
				INFOPLIST_KEY_UISupportedInterfaceOrientations_iPad = "UIInterfaceOrientationPortrait UIInterfaceOrientationPortraitUpsideDown UIInterfaceOrientationLandscapeLeft UIInterfaceOrientationLandscapeRight";
				LD_RUNPATH_SEARCH_PATHS = (
					"$(inherited)",
					"@executable_path/Frameworks",
				);
				MARKETING_VERSION = 1.0;
				PRODUCT_BUNDLE_IDENTIFIER = com.shawncarpenter.bibleai;
				PRODUCT_NAME = "$(TARGET_NAME)";
				SWIFT_EMIT_LOC_STRINGS = YES;
				SWIFT_VERSION = 5.0;
				TARGETED_DEVICE_FAMILY = "1,2";
			};
			name = Release;
		};
/* End XCBuildConfiguration section */

/* Begin XCConfigurationList section */
		BA7000001 /* Build configuration list for PBXNativeTarget "BibleAI" */ = {
			isa = XCConfigurationList;
			buildConfigurations = (
				BA7000005 /* Debug */,
				BA7000006 /* Release */,
			);
			defaultConfigurationIsVisible = 0;
			defaultConfigurationName = Release;
		};
		BA7000002 /* Build configuration list for PBXProject "BibleAI" */ = {
			isa = XCConfigurationList;
			buildConfigurations = (
				BA7000003 /* Debug */,
				BA7000004 /* Release */,
			);
			defaultConfigurationIsVisible = 0;
			defaultConfigurationName = Release;
		};
/* End XCConfigurationList section */
	};
	rootObject = BA0000001 /* Project object */;
}
